
Microsoft Visual Studio Solution File, Format Version 12.00
# Visual Studio Version 17
VisualStudioVersion = 17.7.34031.279
MinimumVisualStudioVersion = 10.0.40219.1
Project("{FAE04EC0-301F-11D3-BF4B-00C04F79EFBC}") = "task13_11_efstep", "task13_11_efstep\task13_11_efstep.csproj", "{90D52335-6CD1-43DA-A487-900E28211042}"
EndProject
Global
	GlobalSection(SolutionConfigurationPlatforms) = preSolution
		Debug|Any CPU = Debug|Any CPU
		Release|Any CPU = Release|Any CPU
	EndGlobalSection
	GlobalSection(ProjectConfigurationPlatforms) = postSolution
		{90D52335-6CD1-43DA-A487-900E28211042}.Debug|Any CPU.ActiveCfg = Debug|Any CPU
		{90D52335-6CD1-43DA-A487-900E28211042}.Debug|Any CPU.Build.0 = Debug|Any CPU
		{90D52335-6CD1-43DA-A487-900E28211042}.Release|Any CPU.ActiveCfg = Release|Any CPU
		{90D52335-6CD1-43DA-A487-900E28211042}.Release|Any CPU.Build.0 = Release|Any CPU
	EndGlobalSection
	GlobalSection(SolutionProperties) = preSolution
		HideSolutionNode = FALSE
	EndGlobalSection
	GlobalSection(ExtensibilityGlobals) = postSolution
		SolutionGuid = {FB9CB07C-7F8D-4514-A879-914DA33905B6}
	EndGlobalSection
EndGlobal
